
Microsoft Visual Studio Solution File, Format Version 12.00
# Visual Studio Version 17
VisualStudioVersion = 17.7.34009.444
MinimumVisualStudioVersion = 10.0.40219.1
Project("{FAE04EC0-301F-11D3-BF4B-00C04F79EFBC}") = "WinAppSangeeta", "WinAppSangeeta.csproj", "{D6C32F4A-647E-4D9F-A8BB-E28AAF3EF26A}"
EndProject
Global
	GlobalSection(SolutionConfigurationPlatforms) = preSolution
		Debug|Any CPU = Debug|Any CPU
		Release|Any CPU = Release|Any CPU
	EndGlobalSection
	GlobalSection(ProjectConfigurationPlatforms) = postSolution
		{D6C32F4A-647E-4D9F-A8BB-E28AAF3EF26A}.Debug|Any CPU.ActiveCfg = Debug|Any CPU
		{D6C32F4A-647E-4D9F-A8BB-E28AAF3EF26A}.Debug|Any CPU.Build.0 = Debug|Any CPU
		{D6C32F4A-647E-4D9F-A8BB-E28AAF3EF26A}.Release|Any CPU.ActiveCfg = Release|Any CPU
		{D6C32F4A-647E-4D9F-A8BB-E28AAF3EF26A}.Release|Any CPU.Build.0 = Release|Any CPU
	EndGlobalSection
	GlobalSection(SolutionProperties) = preSolution
		HideSolutionNode = FALSE
	EndGlobalSection
	GlobalSection(ExtensibilityGlobals) = postSolution
		SolutionGuid = {D41611A1-6E43-400B-8E58-E9068FAB674A}
	EndGlobalSection
EndGlobal
